
Microsoft Visual Studio Solution File, Format Version 12.00
# Visual Studio Version 17
VisualStudioVersion = 17.11.35327.3
MinimumVisualStudioVersion = 10.0.40219.1
Project("{FAE04EC0-301F-11D3-BF4B-00C04F79EFBC}") = "result", "result\result.csproj", "{FA8058DC-C489-4A35-B865-8717D5BD837A}"
EndProject
Global
	GlobalSection(SolutionConfigurationPlatforms) = preSolution
		Debug|Any CPU = Debug|Any CPU
		Release|Any CPU = Release|Any CPU
	EndGlobalSection
	GlobalSection(ProjectConfigurationPlatforms) = postSolution
		{FA8058DC-C489-4A35-B865-8717D5BD837A}.Debug|Any CPU.ActiveCfg = Debug|Any CPU
		{FA8058DC-C489-4A35-B865-8717D5BD837A}.Debug|Any CPU.Build.0 = Debug|Any CPU
		{FA8058DC-C489-4A35-B865-8717D5BD837A}.Release|Any CPU.ActiveCfg = Release|Any CPU
		{FA8058DC-C489-4A35-B865-8717D5BD837A}.Release|Any CPU.Build.0 = Release|Any CPU
	EndGlobalSection
	GlobalSection(SolutionProperties) = preSolution
		HideSolutionNode = FALSE
	EndGlobalSection
	GlobalSection(ExtensibilityGlobals) = postSolution
		SolutionGuid = {81FFA604-D8AA-434E-8B8E-169BFB8A1DD1}
	EndGlobalSection
EndGlobal
